// !$*UTF8*$!
{
	archiveVersion = 1;
	classes = {
	};
	objectVersion = 50;
	objects = {

/* Begin PBXBuildFile section */
		00BFF29926BF81B900BA1C04 /* AppDelegate.swift in Sources */ = {isa = PBXBuildFile; fileRef = 00BFF29826BF81B900BA1C04 /* AppDelegate.swift */; };
		00BFF29B26BF81B900BA1C04 /* SceneDelegate.swift in Sources */ = {isa = PBXBuildFile; fileRef = 00BFF29A26BF81B900BA1C04 /* SceneDelegate.swift */; };
		00BFF29D26BF81B900BA1C04 /* ViewController.swift in Sources */ = {isa = PBXBuildFile; fileRef = 00BFF29C26BF81B900BA1C04 /* ViewController.swift */; };
		00BFF2A026BF81B900BA1C04 /* Main.storyboard in Resources */ = {isa = PBXBuildFile; fileRef = 00BFF29E26BF81B900BA1C04 /* Main.storyboard */; };
		00BFF2A226BF81BA00BA1C04 /* Assets.xcassets in Resources */ = {isa = PBXBuildFile; fileRef = 00BFF2A126BF81BA00BA1C04 /* Assets.xcassets */; };
		00BFF2A526BF81BA00BA1C04 /* LaunchScreen.storyboard in Resources */ = {isa = PBXBuildFile; fileRef = 00BFF2A326BF81BA00BA1C04 /* LaunchScreen.storyboard */; };
		00BFF2AD26BF83BE00BA1C04 /* AVPViewController.swift in Sources */ = {isa = PBXBuildFile; fileRef = 00BFF2AC26BF83BE00BA1C04 /* AVPViewController.swift */; };
		00BFF2AF26BF846300BA1C04 /* PIPViewController.swift in Sources */ = {isa = PBXBuildFile; fileRef = 00BFF2AE26BF846300BA1C04 /* PIPViewController.swift */; };
/* End PBXBuildFile section */

/* Begin PBXFileReference section */
		00BFF29526BF81B900BA1C04 /* PIP.app */ = {isa = PBXFileReference; explicitFileType = wrapper.application; includeInIndex = 0; path = PIP.app; sourceTree = BUILT_PRODUCTS_DIR; };
		00BFF29826BF81B900BA1C04 /* AppDelegate.swift */ = {isa = PBXFileReference; lastKnownFileType = sourcecode.swift; path = AppDelegate.swift; sourceTree = "<group>"; };
		00BFF29A26BF81B900BA1C04 /* SceneDelegate.swift */ = {isa = PBXFileReference; lastKnownFileType = sourcecode.swift; path = SceneDelegate.swift; sourceTree = "<group>"; };
		00BFF29C26BF81B900BA1C04 /* ViewController.swift */ = {isa = PBXFileReference; lastKnownFileType = sourcecode.swift; path = ViewController.swift; sourceTree = "<group>"; };
		00BFF29F26BF81B900BA1C04 /* Base */ = {isa = PBXFileReference; lastKnownFileType = file.storyboard; name = Base; path = Base.lproj/Main.storyboard; sourceTree = "<group>"; };
		00BFF2A126BF81BA00BA1C04 /* Assets.xcassets */ = {isa = PBXFileReference; lastKnownFileType = folder.assetcatalog; path = Assets.xcassets; sourceTree = "<group>"; };
		00BFF2A426BF81BA00BA1C04 /* Base */ = {isa = PBXFileReference; lastKnownFileType = file.storyboard; name = Base; path = Base.lproj/LaunchScreen.storyboard; sourceTree = "<group>"; };
		00BFF2A626BF81BA00BA1C04 /* Info.plist */ = {isa = PBXFileReference; lastKnownFileType = text.plist.xml; path = Info.plist; sourceTree = "<group>"; };
		00BFF2AC26BF83BE00BA1C04 /* AVPViewController.swift */ = {isa = PBXFileReference; lastKnownFileType = sourcecode.swift; path = AVPViewController.swift; sourceTree = "<group>"; };
		00BFF2AE26BF846300BA1C04 /* PIPViewController.swift */ = {isa = PBXFileReference; lastKnownFileType = sourcecode.swift; path = PIPViewController.swift; sourceTree = "<group>"; };
/* End PBXFileReference section */

/* Begin PBXFrameworksBuildPhase section */
		00BFF29226BF81B900BA1C04 /* Frameworks */ = {
			isa = PBXFrameworksBuildPhase;
			buildActionMask = 2147483647;
			files = (
			);
			runOnlyForDeploymentPostprocessing = 0;
		};
/* End PBXFrameworksBuildPhase section */

/* Begin PBXGroup section */
		00BFF28C26BF81B900BA1C04 = {
			isa = PBXGroup;
			children = (
				00BFF29726BF81B900BA1C04 /* PIP */,
				00BFF29626BF81B900BA1C04 /* Products */,
			);
			sourceTree = "<group>";
		};
		00BFF29626BF81B900BA1C04 /* Products */ = {
			isa = PBXGroup;
			children = (
				00BFF29526BF81B900BA1C04 /* PIP.app */,
			);
			name = Products;
			sourceTree = "<group>";
		};
		00BFF29726BF81B900BA1C04 /* PIP */ = {
			isa = PBXGroup;
			children = (
				00BFF29826BF81B900BA1C04 /* AppDelegate.swift */,
				00BFF2AE26BF846300BA1C04 /* PIPViewController.swift */,
				00BFF2AC26BF83BE00BA1C04 /* AVPViewController.swift */,
				00BFF29A26BF81B900BA1C04 /* SceneDelegate.swift */,
				00BFF29C26BF81B900BA1C04 /* ViewController.swift */,
				00BFF29E26BF81B900BA1C04 /* Main.storyboard */,
				00BFF2A126BF81BA00BA1C04 /* Assets.xcassets */,
				00BFF2A326BF81BA00BA1C04 /* LaunchScreen.storyboard */,
				00BFF2A626BF81BA00BA1C04 /* Info.plist */,
			);
			path = PIP;
			sourceTree = "<group>";
		};
/* End PBXGroup section */

/* Begin PBXNativeTarget section */
		00BFF29426BF81B900BA1C04 /* PIP */ = {
			isa = PBXNativeTarget;
			buildConfigurationList = 00BFF2A926BF81BA00BA1C04 /* Build configuration list for PBXNativeTarget "PIP" */;
			buildPhases = (
				00BFF29126BF81B900BA1C04 /* Sources */,
				00BFF29226BF81B900BA1C04 /* Frameworks */,
				00BFF29326BF81B900BA1C04 /* Resources */,
			);
			buildRules = (
			);
			dependencies = (
			);
			name = PIP;
			productName = PIP;
			productReference = 00BFF29526BF81B900BA1C04 /* PIP.app */;
			productType = "com.apple.product-type.application";
		};
/* End PBXNativeTarget section */

/* Begin PBXProject section */
		00BFF28D26BF81B900BA1C04 /* Project object */ = {
			isa = PBXProject;
			attributes = {
				LastSwiftUpdateCheck = 1250;
				LastUpgradeCheck = 1250;
				TargetAttributes = {
					00BFF29426BF81B900BA1C04 = {
						CreatedOnToolsVersion = 12.5.1;
					};
				};
			};
			buildConfigurationList = 00BFF29026BF81B900BA1C04 /* Build configuration list for PBXProject "PIP" */;
			compatibilityVersion = "Xcode 9.3";
			developmentRegion = en;
			hasScannedForEncodings = 0;
			knownRegions = (
				en,
				Base,
			);
			mainGroup = 00BFF28C26BF81B900BA1C04;
			productRefGroup = 00BFF29626BF81B900BA1C04 /* Products */;
			projectDirPath = "";
			projectRoot = "";
			targets = (
				00BFF29426BF81B900BA1C04 /* PIP */,
			);
		};
/* End PBXProject section */

/* Begin PBXResourcesBuildPhase section */
		00BFF29326BF81B900BA1C04 /* Resources */ = {
			isa = PBXResourcesBuildPhase;
			buildActionMask = 2147483647;
			files = (
				00BFF2A526BF81BA00BA1C04 /* LaunchScreen.storyboard in Resources */,
				00BFF2A226BF81BA00BA1C04 /* Assets.xcassets in Resources */,
				00BFF2A026BF81B900BA1C04 /* Main.storyboard in Resources */,
			);
			runOnlyForDeploymentPostprocessing = 0;
		};
/* End PBXResourcesBuildPhase section */

/* Begin PBXSourcesBuildPhase section */
		00BFF29126BF81B900BA1C04 /* Sources */ = {
			isa = PBXSourcesBuildPhase;
			buildActionMask = 2147483647;
			files = (
				00BFF2AD26BF83BE00BA1C04 /* AVPViewController.swift in Sources */,
				00BFF2AF26BF846300BA1C04 /* PIPViewController.swift in Sources */,
				00BFF29D26BF81B900BA1C04 /* ViewController.swift in Sources */,
				00BFF29926BF81B900BA1C04 /* AppDelegate.swift in Sources */,
				00BFF29B26BF81B900BA1C04 /* SceneDelegate.swift in Sources */,
			);
			runOnlyForDeploymentPostprocessing = 0;
		};
/* End PBXSourcesBuildPhase section */

/* Begin PBXVariantGroup section */
		00BFF29E26BF81B900BA1C04 /* Main.storyboard */ = {
			isa = PBXVariantGroup;
			children = (
				00BFF29F26BF81B900BA1C04 /* Base */,
			);
			name = Main.storyboard;
			sourceTree = "<group>";
		};
		00BFF2A326BF81BA00BA1C04 /* LaunchScreen.storyboard */ = {
			isa = PBXVariantGroup;
			children = (
				00BFF2A426BF81BA00BA1C04 /* Base */,
			);
			name = LaunchScreen.storyboard;
			sourceTree = "<group>";
		};
/* End PBXVariantGroup section */

/* Begin XCBuildConfiguration section */
		00BFF2A726BF81BA00BA1C04 /* Debug */ = {
			isa = XCBuildConfiguration;
			buildSettings = {
				ALWAYS_SEARCH_USER_PATHS = NO;
				CLANG_ANALYZER_NONNULL = YES;
				CLANG_ANALYZER_NUMBER_OBJECT_CONVERSION = YES_AGGRESSIVE;
				CLANG_CXX_LANGUAGE_STANDARD = "gnu++14";
				CLANG_CXX_LIBRARY = "libc++";
				CLANG_ENABLE_MODULES = YES;
				CLANG_ENABLE_OBJC_ARC = YES;
				CLANG_ENABLE_OBJC_WEAK = YES;
				CLANG_WARN_BLOCK_CAPTURE_AUTORELEASING = YES;
				CLANG_WARN_BOOL_CONVERSION = YES;
				CLANG_WARN_COMMA = YES;
				CLANG_WARN_CONSTANT_CONVERSION = YES;
				CLANG_WARN_DEPRECATED_OBJC_IMPLEMENTATIONS = YES;
				CLANG_WARN_DIRECT_OBJC_ISA_USAGE = YES_ERROR;
				CLANG_WARN_DOCUMENTATION_COMMENTS = YES;
				CLANG_WARN_EMPTY_BODY = YES;
				CLANG_WARN_ENUM_CONVERSION = YES;
				CLANG_WARN_INFINITE_RECURSION = YES;
				CLANG_WARN_INT_CONVERSION = YES;
				CLANG_WARN_NON_LITERAL_NULL_CONVERSION = YES;
				CLANG_WARN_OBJC_IMPLICIT_RETAIN_SELF = YES;
				CLANG_WARN_OBJC_LITERAL_CONVERSION = YES;
				CLANG_WARN_OBJC_ROOT_CLASS = YES_ERROR;
				CLANG_WARN_QUOTED_INCLUDE_IN_FRAMEWORK_HEADER = YES;
				CLANG_WARN_RANGE_LOOP_ANALYSIS = YES;
				CLANG_WARN_STRICT_PROTOTYPES = YES;
				CLANG_WARN_SUSPICIOUS_MOVE = YES;
				CLANG_WARN_UNGUARDED_AVAILABILITY = YES_AGGRESSIVE;
				CLANG_WARN_UNREACHABLE_CODE = YES;
				CLANG_WARN__DUPLICATE_METHOD_MATCH = YES;
				COPY_PHASE_STRIP = NO;
				DEBUG_INFORMATION_FORMAT = dwarf;
				ENABLE_STRICT_OBJC_MSGSEND = YES;
				ENABLE_TESTABILITY = YES;
				GCC_C_LANGUAGE_STANDARD = gnu11;
				GCC_DYNAMIC_NO_PIC = NO;
				GCC_NO_COMMON_BLOCKS = YES;
				GCC_OPTIMIZATION_LEVEL = 0;
				GCC_PREPROCESSOR_DEFINITIONS = (
					"DEBUG=1",
					"$(inherited)",
				);
				GCC_WARN_64_TO_32_BIT_CONVERSION = YES;
				GCC_WARN_ABOUT_RETURN_TYPE = YES_ERROR;
				GCC_WARN_UNDECLARED_SELECTOR = YES;
				GCC_WARN_UNINITIALIZED_AUTOS = YES_AGGRESSIVE;
				GCC_WARN_UNUSED_FUNCTION = YES;
				GCC_WARN_UNUSED_VARIABLE = YES;
				IPHONEOS_DEPLOYMENT_TARGET = 14.5;
				MTL_ENABLE_DEBUG_INFO = INCLUDE_SOURCE;
				MTL_FAST_MATH = YES;
				ONLY_ACTIVE_ARCH = YES;
				SDKROOT = iphoneos;
				SWIFT_ACTIVE_COMPILATION_CONDITIONS = DEBUG;
				SWIFT_OPTIMIZATION_LEVEL = "-Onone";
			};
			name = Debug;
		};
		00BFF2A826BF81BA00BA1C04 /* Release */ = {
			isa = XCBuildConfiguration;
			buildSettings = {
				ALWAYS_SEARCH_USER_PATHS = NO;
				CLANG_ANALYZER_NONNULL = YES;
				CLANG_ANALYZER_NUMBER_OBJECT_CONVERSION = YES_AGGRESSIVE;
				CLANG_CXX_LANGUAGE_STANDARD = "gnu++14";
				CLANG_CXX_LIBRARY = "libc++";
				CLANG_ENABLE_MODULES = YES;
				CLANG_ENABLE_OBJC_ARC = YES;
				CLANG_ENABLE_OBJC_WEAK = YES;
				CLANG_WARN_BLOCK_CAPTURE_AUTORELEASING = YES;
				CLANG_WARN_BOOL_CONVERSION = YES;
				CLANG_WARN_COMMA = YES;
				CLANG_WARN_CONSTANT_CONVERSION = YES;
				CLANG_WARN_DEPRECATED_OBJC_IMPLEMENTATIONS = YES;
				CLANG_WARN_DIRECT_OBJC_ISA_USAGE = YES_ERROR;
				CLANG_WARN_DOCUMENTATION_COMMENTS = YES;
				CLANG_WARN_EMPTY_BODY = YES;
				CLANG_WARN_ENUM_CONVERSION = YES;
				CLANG_WARN_INFINITE_RECURSION = YES;
				CLANG_WARN_INT_CONVERSION = YES;
				CLANG_WARN_NON_LITERAL_NULL_CONVERSION = YES;
				CLANG_WARN_OBJC_IMPLICIT_RETAIN_SELF = YES;
				CLANG_WARN_OBJC_LITERAL_CONVERSION = YES;
				CLANG_WARN_OBJC_ROOT_CLASS = YES_ERROR;
				CLANG_WARN_QUOTED_INCLUDE_IN_FRAMEWORK_HEADER = YES;
				CLANG_WARN_RANGE_LOOP_ANALYSIS = YES;
				CLANG_WARN_STRICT_PROTOTYPES = YES;
				CLANG_WARN_SUSPICIOUS_MOVE = YES;
				CLANG_WARN_UNGUARDED_AVAILABILITY = YES_AGGRESSIVE;
				CLANG_WARN_UNREACHABLE_CODE = YES;
				CLANG_WARN__DUPLICATE_METHOD_MATCH = YES;
				COPY_PHASE_STRIP = NO;
				DEBUG_INFORMATION_FORMAT = "dwarf-with-dsym";
				ENABLE_NS_ASSERTIONS = NO;
				ENABLE_STRICT_OBJC_MSGSEND = YES;
				GCC_C_LANGUAGE_STANDARD = gnu11;
				GCC_NO_COMMON_BLOCKS = YES;
				GCC_WARN_64_TO_32_BIT_CONVERSION = YES;
				GCC_WARN_ABOUT_RETURN_TYPE = YES_ERROR;
				GCC_WARN_UNDECLARED_SELECTOR = YES;
				GCC_WARN_UNINITIALIZED_AUTOS = YES_AGGRESSIVE;
				GCC_WARN_UNUSED_FUNCTION = YES;
				GCC_WARN_UNUSED_VARIABLE = YES;
				IPHONEOS_DEPLOYMENT_TARGET = 14.5;
				MTL_ENABLE_DEBUG_INFO = NO;
				MTL_FAST_MATH = YES;
				SDKROOT = iphoneos;
				SWIFT_COMPILATION_MODE = wholemodule;
				SWIFT_OPTIMIZATION_LEVEL = "-O";
				VALIDATE_PRODUCT = YES;
			};
			name = Release;
		};
		00BFF2AA26BF81BA00BA1C04 /* Debug */ = {
			isa = XCBuildConfiguration;
			buildSettings = {
				ASSETCATALOG_COMPILER_APPICON_NAME = AppIcon;
				ASSETCATALOG_COMPILER_GLOBAL_ACCENT_COLOR_NAME = AccentColor;
				CODE_SIGN_IDENTITY = "iPhone Developer";
				CODE_SIGN_STYLE = Manual;
				DEVELOPMENT_TEAM = LZUZTQQ7J7;
				INFOPLIST_FILE = PIP/Info.plist;
				LD_RUNPATH_SEARCH_PATHS = (
					"$(inherited)",
					"@executable_path/Frameworks",
				);
				PRODUCT_BUNDLE_IDENTIFIER = com.app.kyuncall.test;
				PRODUCT_NAME = "$(TARGET_NAME)";
				PROVISIONING_PROFILE_SPECIFIER = DEV_KYUNCALL_TEST;
				SWIFT_VERSION = 5.0;
				TARGETED_DEVICE_FAMILY = 1;
			};
			name = Debug;
		};
		00BFF2AB26BF81BA00BA1C04 /* Release */ = {
			isa = XCBuildConfiguration;
			buildSettings = {
				ASSETCATALOG_COMPILER_APPICON_NAME = AppIcon;
				ASSETCATALOG_COMPILER_GLOBAL_ACCENT_COLOR_NAME = AccentColor;
				CODE_SIGN_IDENTITY = "iPhone Developer";
				CODE_SIGN_STYLE = Manual;
				DEVELOPMENT_TEAM = LZUZTQQ7J7;
				INFOPLIST_FILE = PIP/Info.plist;
				LD_RUNPATH_SEARCH_PATHS = (
					"$(inherited)",
					"@executable_path/Frameworks",
				);
				PRODUCT_BUNDLE_IDENTIFIER = com.app.kyuncall.test;
				PRODUCT_NAME = "$(TARGET_NAME)";
				PROVISIONING_PROFILE_SPECIFIER = DEV_KYUNCALL_TEST;
				SWIFT_VERSION = 5.0;
				TARGETED_DEVICE_FAMILY = 1;
			};
			name = Release;
		};
/* End XCBuildConfiguration section */

/* Begin XCConfigurationList section */
		00BFF29026BF81B900BA1C04 /* Build configuration list for PBXProject "PIP" */ = {
			isa = XCConfigurationList;
			buildConfigurations = (
				00BFF2A726BF81BA00BA1C04 /* Debug */,
				00BFF2A826BF81BA00BA1C04 /* Release */,
			);
			defaultConfigurationIsVisible = 0;
			defaultConfigurationName = Release;
		};
		00BFF2A926BF81BA00BA1C04 /* Build configuration list for PBXNativeTarget "PIP" */ = {
			isa = XCConfigurationList;
			buildConfigurations = (
				00BFF2AA26BF81BA00BA1C04 /* Debug */,
				00BFF2AB26BF81BA00BA1C04 /* Release */,
			);
			defaultConfigurationIsVisible = 0;
			defaultConfigurationName = Release;
		};
/* End XCConfigurationList section */
	};
	rootObject = 00BFF28D26BF81B900BA1C04 /* Project object */;
}
